
Microsoft Visual Studio Solution File, Format Version 12.00
# Visual Studio 14
VisualStudioVersion = 14.0.25420.1
MinimumVisualStudioVersion = 10.0.40219.1
Project("{2150E333-8FDC-42A3-9474-1A3956D46DE8}") = "Data", "Data", "{4C4CC7F1-A5A0-4DB6-AE6F-4B1139110EFC}"
EndProject
Project("{FAE04EC0-301F-11D3-BF4B-00C04F79EFBC}") = "Data.WebApi", "Data\Data.WebApi\Data.WebApi.csproj", "{4678746F-0C9C-4665-AC9A-FE7AABFE3AEF}"
EndProject
Global
	GlobalSection(SolutionConfigurationPlatforms) = preSolution
		Debug|Any CPU = Debug|Any CPU
		Release|Any CPU = Release|Any CPU
	EndGlobalSection
	GlobalSection(ProjectConfigurationPlatforms) = postSolution
		{4678746F-0C9C-4665-AC9A-FE7AABFE3AEF}.Debug|Any CPU.ActiveCfg = Debug|Any CPU
		{4678746F-0C9C-4665-AC9A-FE7AABFE3AEF}.Debug|Any CPU.Build.0 = Debug|Any CPU
		{4678746F-0C9C-4665-AC9A-FE7AABFE3AEF}.Release|Any CPU.ActiveCfg = Release|Any CPU
		{4678746F-0C9C-4665-AC9A-FE7AABFE3AEF}.Release|Any CPU.Build.0 = Release|Any CPU
	EndGlobalSection
	GlobalSection(SolutionProperties) = preSolution
		HideSolutionNode = FALSE
	EndGlobalSection
	GlobalSection(NestedProjects) = preSolution
		{4678746F-0C9C-4665-AC9A-FE7AABFE3AEF} = {4C4CC7F1-A5A0-4DB6-AE6F-4B1139110EFC}
	EndGlobalSection
EndGlobal
