
Microsoft Visual Studio Solution File, Format Version 12.00
# Visual Studio 14
VisualStudioVersion = 14.0.25420.1
MinimumVisualStudioVersion = 10.0.40219.1
Project("{2150E333-8FDC-42A3-9474-1A3956D46DE8}") = "Data", "Data", "{4C4CC7F1-A5A0-4DB6-AE6F-4B1139110EFC}"
EndProject
Project("{FAE04EC0-301F-11D3-BF4B-00C04F79EFBC}") = "Data.WebApi", "Data\Data.WebApi\Data.WebApi.csproj", "{4678746F-0C9C-4665-AC9A-FE7AABFE3AEF}"
EndProject
Project("{FAE04EC0-301F-11D3-BF4B-00C04F79EFBC}") = "Data.Models", "Data\Data.Models\Data.Models.csproj", "{FFA92311-1664-4AB0-AF9D-B71AC17E43D7}"
EndProject
Project("{FAE04EC0-301F-11D3-BF4B-00C04F79EFBC}") = "Data.ClientModels", "Data\Data.ClientModels\Data.ClientModels.csproj", "{9172D6B2-2771-4B53-A5E1-58760C1932F0}"
EndProject
Project("{FAE04EC0-301F-11D3-BF4B-00C04F79EFBC}") = "Data.Interfaces", "Data\Data.Interfaces\Data.Interfaces.csproj", "{AF7DC0C8-1373-4FB5-8FA4-1570F8330780}"
EndProject
Project("{FAE04EC0-301F-11D3-BF4B-00C04F79EFBC}") = "Data.Repository", "Data\Data.Repository\Data.Repository.csproj", "{F0B62D08-39BD-4335-B6E0-923C850F273B}"
EndProject
Project("{FAE04EC0-301F-11D3-BF4B-00C04F79EFBC}") = "Data.WebApi.Tests", "Data\Data.WebApi.Tests\Data.WebApi.Tests.csproj", "{11468E17-DCBD-4B97-847B-4E8F9F769AD1}"
EndProject
Project("{2150E333-8FDC-42A3-9474-1A3956D46DE8}") = "Framework", "Framework", "{B11236BD-AEAA-40B8-8EF8-35B4E61EB2EF}"
EndProject
Project("{FAE04EC0-301F-11D3-BF4B-00C04F79EFBC}") = "Framework.Core", "Framework\Framework.Core\Framework.Core.csproj", "{1C53B9CA-7B69-45A8-B802-DE02B91EF5F4}"
EndProject
Project("{FAE04EC0-301F-11D3-BF4B-00C04F79EFBC}") = "Framework.Common", "Framework\Framework.Common\Framework.Common.csproj", "{AF72AF55-2232-4E08-BA3B-A7ACA268196B}"
EndProject
Project("{2150E333-8FDC-42A3-9474-1A3956D46DE8}") = "Documents", "Documents", "{A57FB22E-52DF-4BFB-B576-F3D5827EFF47}"
	ProjectSection(SolutionItems) = preProject
		Documents\README.md = Documents\README.md
	EndProjectSection
EndProject
Project("{FAE04EC0-301F-11D3-BF4B-00C04F79EFBC}") = "Framework.DependencyResolver", "Framework\Framework.DependencyResolver\Framework.DependencyResolver.csproj", "{DE3F310C-FC3B-4841-B6C9-EECF0F58B0C1}"
EndProject
Global
	GlobalSection(SolutionConfigurationPlatforms) = preSolution
		Debug|Any CPU = Debug|Any CPU
		Release|Any CPU = Release|Any CPU
	EndGlobalSection
	GlobalSection(ProjectConfigurationPlatforms) = postSolution
		{4678746F-0C9C-4665-AC9A-FE7AABFE3AEF}.Debug|Any CPU.ActiveCfg = Debug|Any CPU
		{4678746F-0C9C-4665-AC9A-FE7AABFE3AEF}.Debug|Any CPU.Build.0 = Debug|Any CPU
		{4678746F-0C9C-4665-AC9A-FE7AABFE3AEF}.Release|Any CPU.ActiveCfg = Release|Any CPU
		{4678746F-0C9C-4665-AC9A-FE7AABFE3AEF}.Release|Any CPU.Build.0 = Release|Any CPU
		{FFA92311-1664-4AB0-AF9D-B71AC17E43D7}.Debug|Any CPU.ActiveCfg = Debug|Any CPU
		{FFA92311-1664-4AB0-AF9D-B71AC17E43D7}.Debug|Any CPU.Build.0 = Debug|Any CPU
		{FFA92311-1664-4AB0-AF9D-B71AC17E43D7}.Release|Any CPU.ActiveCfg = Release|Any CPU
		{FFA92311-1664-4AB0-AF9D-B71AC17E43D7}.Release|Any CPU.Build.0 = Release|Any CPU
		{9172D6B2-2771-4B53-A5E1-58760C1932F0}.Debug|Any CPU.ActiveCfg = Debug|Any CPU
		{9172D6B2-2771-4B53-A5E1-58760C1932F0}.Debug|Any CPU.Build.0 = Debug|Any CPU
		{9172D6B2-2771-4B53-A5E1-58760C1932F0}.Release|Any CPU.ActiveCfg = Release|Any CPU
		{9172D6B2-2771-4B53-A5E1-58760C1932F0}.Release|Any CPU.Build.0 = Release|Any CPU
		{AF7DC0C8-1373-4FB5-8FA4-1570F8330780}.Debug|Any CPU.ActiveCfg = Debug|Any CPU
		{AF7DC0C8-1373-4FB5-8FA4-1570F8330780}.Debug|Any CPU.Build.0 = Debug|Any CPU
		{AF7DC0C8-1373-4FB5-8FA4-1570F8330780}.Release|Any CPU.ActiveCfg = Release|Any CPU
		{AF7DC0C8-1373-4FB5-8FA4-1570F8330780}.Release|Any CPU.Build.0 = Release|Any CPU
		{F0B62D08-39BD-4335-B6E0-923C850F273B}.Debug|Any CPU.ActiveCfg = Debug|Any CPU
		{F0B62D08-39BD-4335-B6E0-923C850F273B}.Debug|Any CPU.Build.0 = Debug|Any CPU
		{F0B62D08-39BD-4335-B6E0-923C850F273B}.Release|Any CPU.ActiveCfg = Release|Any CPU
		{F0B62D08-39BD-4335-B6E0-923C850F273B}.Release|Any CPU.Build.0 = Release|Any CPU
		{11468E17-DCBD-4B97-847B-4E8F9F769AD1}.Debug|Any CPU.ActiveCfg = Debug|Any CPU
		{11468E17-DCBD-4B97-847B-4E8F9F769AD1}.Debug|Any CPU.Build.0 = Debug|Any CPU
		{11468E17-DCBD-4B97-847B-4E8F9F769AD1}.Release|Any CPU.ActiveCfg = Release|Any CPU
		{11468E17-DCBD-4B97-847B-4E8F9F769AD1}.Release|Any CPU.Build.0 = Release|Any CPU
		{1C53B9CA-7B69-45A8-B802-DE02B91EF5F4}.Debug|Any CPU.ActiveCfg = Debug|Any CPU
		{1C53B9CA-7B69-45A8-B802-DE02B91EF5F4}.Debug|Any CPU.Build.0 = Debug|Any CPU
		{1C53B9CA-7B69-45A8-B802-DE02B91EF5F4}.Release|Any CPU.ActiveCfg = Release|Any CPU
		{1C53B9CA-7B69-45A8-B802-DE02B91EF5F4}.Release|Any CPU.Build.0 = Release|Any CPU
		{AF72AF55-2232-4E08-BA3B-A7ACA268196B}.Debug|Any CPU.ActiveCfg = Debug|Any CPU
		{AF72AF55-2232-4E08-BA3B-A7ACA268196B}.Debug|Any CPU.Build.0 = Debug|Any CPU
		{AF72AF55-2232-4E08-BA3B-A7ACA268196B}.Release|Any CPU.ActiveCfg = Release|Any CPU
		{AF72AF55-2232-4E08-BA3B-A7ACA268196B}.Release|Any CPU.Build.0 = Release|Any CPU
		{DE3F310C-FC3B-4841-B6C9-EECF0F58B0C1}.Debug|Any CPU.ActiveCfg = Debug|Any CPU
		{DE3F310C-FC3B-4841-B6C9-EECF0F58B0C1}.Debug|Any CPU.Build.0 = Debug|Any CPU
		{DE3F310C-FC3B-4841-B6C9-EECF0F58B0C1}.Release|Any CPU.ActiveCfg = Release|Any CPU
		{DE3F310C-FC3B-4841-B6C9-EECF0F58B0C1}.Release|Any CPU.Build.0 = Release|Any CPU
	EndGlobalSection
	GlobalSection(SolutionProperties) = preSolution
		HideSolutionNode = FALSE
	EndGlobalSection
	GlobalSection(NestedProjects) = preSolution
		{4678746F-0C9C-4665-AC9A-FE7AABFE3AEF} = {4C4CC7F1-A5A0-4DB6-AE6F-4B1139110EFC}
		{FFA92311-1664-4AB0-AF9D-B71AC17E43D7} = {4C4CC7F1-A5A0-4DB6-AE6F-4B1139110EFC}
		{9172D6B2-2771-4B53-A5E1-58760C1932F0} = {4C4CC7F1-A5A0-4DB6-AE6F-4B1139110EFC}
		{AF7DC0C8-1373-4FB5-8FA4-1570F8330780} = {4C4CC7F1-A5A0-4DB6-AE6F-4B1139110EFC}
		{F0B62D08-39BD-4335-B6E0-923C850F273B} = {4C4CC7F1-A5A0-4DB6-AE6F-4B1139110EFC}
		{11468E17-DCBD-4B97-847B-4E8F9F769AD1} = {4C4CC7F1-A5A0-4DB6-AE6F-4B1139110EFC}
		{1C53B9CA-7B69-45A8-B802-DE02B91EF5F4} = {B11236BD-AEAA-40B8-8EF8-35B4E61EB2EF}
		{AF72AF55-2232-4E08-BA3B-A7ACA268196B} = {B11236BD-AEAA-40B8-8EF8-35B4E61EB2EF}
		{DE3F310C-FC3B-4841-B6C9-EECF0F58B0C1} = {B11236BD-AEAA-40B8-8EF8-35B4E61EB2EF}
	EndGlobalSection
	GlobalSection(ExtensibilityGlobals) = postSolution
		EnterpriseLibraryConfigurationToolBinariesPath = packages\Unity.Interception.2.1.505.0\lib\NET35
	EndGlobalSection
EndGlobal
